{
  "requires": true,
  "lockfileVersion": 1,
  "dependencies": {
    "moment": {
      "version": "2.29.4",
      "resolved": "https://registry.npmmirror.com/moment/-/moment-2.29.4.tgz",
      "integrity": "sha512-5LC9SOxjSc2HF6vO2CyuTDNivEdoz2IvyJJGj6X8DJ0eFyfszE0QiEd+iXmBvUP3WHxSjFH/vIsA0EN00cgr8w=="
    },
    "uni-read-pages": {
      "version": "1.0.5",
      "resolved": "https://registry.npmmirror.com/uni-read-pages/-/uni-read-pages-1.0.5.tgz",
      "integrity": "sha512-GkrrZ0LX0vn9R5k6RKEi0Ez3Q3e2vUpjXQ8Z6/K/d28KudI9ajqgt8WEjQFlG5EPm1K6uTArN8LlqmZTEixDUA=="
    },
    "uni-simple-router": {
      "version": "2.0.7",
      "resolved": "https://registry.npmmirror.com/uni-simple-router/-/uni-simple-router-2.0.7.tgz",
      "integrity": "sha512-8FKv5dw7Eoonm0gkO8udprrxzin0fNUI0+AvIphFkFRH5ZmP5ZWJ2pvnWzb2NiiqQSECTSU5VSB7HhvOSwD5eA=="
    },
    "uview-ui": {
      "version": "2.0.35",
      "resolved": "https://registry.npmmirror.com/uview-ui/-/uview-ui-2.0.35.tgz",
      "integrity": "sha512-OfMttN3XkHvQosXfd8bjz8ASTvypPoGzBWmQZBJ871bYMCA7t2bDFPlzjbxUj/5ykAjKnZ8zMUapSwSisVt99g=="
    }
  }
}
